# THIS IS AN AUTOGENERATED FILE. DO NOT EDIT THIS FILE DIRECTLY.
# yarn lockfile v1


"@automerge/automerge-wasm@^0.2.1":
  version "0.2.1"
  resolved "https://registry.yarnpkg.com/@automerge/automerge-wasm/-/automerge-wasm-0.2.1.tgz#5c73d224b4507fc619b502e145428f9f56406579"
  integrity sha512-Q8EX5g15EgA3pCurHPb5F0UyRW9DvJa3bHK/5yup3PufNGssEF0jgYiONrfTRwZgbvOsRWmtgjNbe4g7dRTp5A==

"@automerge/automerge@^2.1.0-alpha.2":
  version "2.1.0-alpha.2"
  resolved "https://registry.yarnpkg.com/@automerge/automerge/-/automerge-2.1.0-alpha.2.tgz#39c04810f2fbfb06ddca143fb2106b45476311bc"
  integrity sha512-MbdUGckRqxN8jx7b0ccrM04gYYUwtuYkwEHrOHFbnOP2pTZW+oY5uC++E080p5l/wR9YHAfjeR8OgvSh3Bfrvw==
  dependencies:
    "@automerge/automerge-wasm" "^0.2.1"
    uuid "^9.0.0"

orderedmap@^2.0.0:
  version "2.1.1"
  resolved "https://registry.yarnpkg.com/orderedmap/-/orderedmap-2.1.1.tgz#61481269c44031c449915497bf5a4ad273c512d2"
  integrity sha512-TvAWxi0nDe1j/rtMcWcIj94+Ffe6n7zhow33h40SKxmsmozs6dz/e+EajymfoFcHd7sxNn8yHM8839uixMOV6g==

prosemirror-commands@^1.5.2:
  version "1.5.2"
  resolved "https://registry.yarnpkg.com/prosemirror-commands/-/prosemirror-commands-1.5.2.tgz#e94aeea52286f658cd984270de9b4c3fff580852"
  integrity sha512-hgLcPaakxH8tu6YvVAaILV2tXYsW3rAdDR8WNkeKGcgeMVQg3/TMhPdVoh7iAmfgVjZGtcOSjKiQaoeKjzd2mQ==
  dependencies:
    prosemirror-model "^1.0.0"
    prosemirror-state "^1.0.0"
    prosemirror-transform "^1.0.0"

prosemirror-keymap@^1.2.2:
  version "1.2.2"
  resolved "https://registry.yarnpkg.com/prosemirror-keymap/-/prosemirror-keymap-1.2.2.tgz#14a54763a29c7b2704f561088ccf3384d14eb77e"
  integrity sha512-EAlXoksqC6Vbocqc0GtzCruZEzYgrn+iiGnNjsJsH4mrnIGex4qbLdWWNza3AW5W36ZRrlBID0eM6bdKH4OStQ==
  dependencies:
    prosemirror-state "^1.0.0"
    w3c-keyname "^2.2.0"

prosemirror-model@^1.0.0, prosemirror-model@^1.16.0, prosemirror-model@^1.19.0, prosemirror-model@^1.19.2:
  version "1.19.2"
  resolved "https://registry.yarnpkg.com/prosemirror-model/-/prosemirror-model-1.19.2.tgz#297c9ecfb103154e605f0dbaf3cc72ee32ca0ad5"
  integrity sha512-RXl0Waiss4YtJAUY3NzKH0xkJmsZupCIccqcIFoLTIKFlKNbIvFDRl27/kQy1FP8iUAxrjRRfIVvOebnnXJgqQ==
  dependencies:
    orderedmap "^2.0.0"

prosemirror-schema-basic@^1.2.2:
  version "1.2.2"
  resolved "https://registry.yarnpkg.com/prosemirror-schema-basic/-/prosemirror-schema-basic-1.2.2.tgz#6695f5175e4628aab179bf62e5568628b9cfe6c7"
  integrity sha512-/dT4JFEGyO7QnNTe9UaKUhjDXbTNkiWTq/N4VpKaF79bBjSExVV2NXmJpcM7z/gD7mbqNjxbmWW5nf1iNSSGnw==
  dependencies:
    prosemirror-model "^1.19.0"

prosemirror-state@^1.0.0, prosemirror-state@^1.4.3:
  version "1.4.3"
  resolved "https://registry.yarnpkg.com/prosemirror-state/-/prosemirror-state-1.4.3.tgz#94aecf3ffd54ec37e87aa7179d13508da181a080"
  integrity sha512-goFKORVbvPuAQaXhpbemJFRKJ2aixr+AZMGiquiqKxaucC6hlpHNZHWgz5R7dS4roHiwq9vDctE//CZ++o0W1Q==
  dependencies:
    prosemirror-model "^1.0.0"
    prosemirror-transform "^1.0.0"
    prosemirror-view "^1.27.0"

prosemirror-transform@^1.0.0, prosemirror-transform@^1.1.0:
  version "1.7.3"
  resolved "https://registry.yarnpkg.com/prosemirror-transform/-/prosemirror-transform-1.7.3.tgz#cc2225cd1bf88a3c62404b9eb051ff73e9c716a6"
  integrity sha512-qDapyx5lqYfxVeUWEw0xTGgeP2S8346QtE7DxkalsXlX89lpzkY6GZfulgfHyk1n4tf74sZ7CcXgcaCcGjsUtA==
  dependencies:
    prosemirror-model "^1.0.0"

prosemirror-view@^1.27.0, prosemirror-view@^1.31.3:
  version "1.31.4"
  resolved "https://registry.yarnpkg.com/prosemirror-view/-/prosemirror-view-1.31.4.tgz#d9a40363bf517605f77a5cfe6c0106958a7dbe5e"
  integrity sha512-nJzH2LpYbonSTYFqQ1BUdEhbd1WPN/rp/K9T9qxBEYpgg3jK3BvEUCR45Ymc9IHpO0m3nBJwPm19RBxZdoBVuw==
  dependencies:
    prosemirror-model "^1.16.0"
    prosemirror-state "^1.0.0"
    prosemirror-transform "^1.1.0"

typescript@^5.1.3:
  version "5.1.3"
  resolved "https://registry.yarnpkg.com/typescript/-/typescript-5.1.3.tgz#8d84219244a6b40b6fb2b33cc1c062f715b9e826"
  integrity sha512-XH627E9vkeqhlZFQuL+UsyAXEnibT0kWR2FWONlr4sTjvxyJYnyefgrkyECLzM5NenmKzRAy2rR/OlYLA1HkZw==

uuid@^9.0.0:
  version "9.0.0"
  resolved "https://registry.yarnpkg.com/uuid/-/uuid-9.0.0.tgz#592f550650024a38ceb0c562f2f6aa435761efb5"
  integrity sha512-MXcSTerfPa4uqyzStbRoTgt5XIe3x5+42+q1sDuy3R5MDk66URdLMOZe5aPX/SQd+kuYAh0FdP/pO28IkQyTeg==

w3c-keyname@^2.2.0:
  version "2.2.7"
  resolved "https://registry.yarnpkg.com/w3c-keyname/-/w3c-keyname-2.2.7.tgz#e29549e9ac97ac5cb2993c8222994e97922ef377"
  integrity sha512-XB8aa62d4rrVfoZYQaYNy3fy+z4nrfy2ooea3/0BnBzXW0tSdZ+lRgjzBZhk0La0H6h8fVyYCxx/qkQcAIuvfg==
